github.com/DataDog/gostackparse v0.7.0 h1:i7dLkXHvYzHV308hnkvVGDL3BR4FWl7IsXNPz/IGQh4=
github.com/DataDog/gostackparse v0.7.0/go.mod h1:lTfqcJKqS9KnXQGnyQMCugq3u1FP6UZMfWR0aitKFMM=
github.com/davecgh/go-spew v1.1.0 h1:ZDRjVQ15GmhC3fiQ8ni8+OwkZQO4DARzQgrnXU1Liz8=
github.com/davecgh/go-spew v1.1.0/go.mod h1:J7Y8YcW2NihsgmVo/mv3lAwl/skON4iLHjSsI+c5H38=
github.com/davecgh/go-spew v1.1.1 h1:vj9j/u1bqnvCEfJOwUhtlOARqs3+rkHYY13jYWTU97c=
github.com/davecgh/go-spew v1.1.1/go.mod h1:J7Y8YcW2NihsgmVo/mv3lAwl/skON4iLHjSsI+c5H38=
github.com/goombaio/namegenerator v0.0.0-20181006234301-989e774b106e h1:XmA6L9IPRdUr28a+SK/oMchGgQy159wvzXA5tJ7l+40=
github.com/goombaio/namegenerator v0.0.0-20181006234301-989e774b106e/go.mod h1:AFIo+02s+12CEg8Gzz9kzhCbmbq6JcKNrhHffCGA9z4=
github.com/pmezard/go-difflib v1.0.0 h1:4DBwDE0NGyQoBHbLQYPwSUPoCMWR5BEzIk/f1lZbAQM=
github.com/pmezard/go-difflib v1.0.0/go.mod h1:iKH77koFhYxTK1pcRnkKkqfTogsbg7gZNVY4sRDYZ/4=
github.com/sean9999/go-stable-map v1.2.0 h1:cOvCPBtzigknKogo9pGMUMWJeDNcUNwETf9YayDGekI=
github.com/sean9999/go-stable-map v1.2.0/go.mod h1:ty5HKiIxps3fyGzHgR4gvxB5+N66sCK9BhOhJ6cW7/A=
github.com/sean9999/go-stable-map v1.3.0 h1:sDfjDQvAtUCSlbpJIGGNtlHj9sN0/PZEy1SVpJo11Ik=
github.com/sean9999/go-stable-map v1.3.0/go.mod h1:ty5HKiIxps3fyGzHgR4gvxB5+N66sCK9BhOhJ6cW7/A=
github.com/sean9999/go-stable-map v1.4.0 h1:P+hknubX6eH4I6UCZXNznL5/lVmnzWeAE865KempclI=
github.com/sean9999/go-stable-map v1.4.0/go.mod h1:ty5HKiIxps3fyGzHgR4gvxB5+N66sCK9BhOhJ6cW7/A=
github.com/sean9999/go-stable-map v1.4.1 h1:7Gp2UndLg8w6PqDRYNR28Km5uv9nw7vwP1Osv6J0dfc=
github.com/sean9999/go-stable-map v1.4.1/go.mod h1:ty5HKiIxps3fyGzHgR4gvxB5+N66sCK9BhOhJ6cW7/A=
github.com/sean9999/go-stable-map v1.4.2 h1:Ehz6Vx1fSRJEWpChQAnyBSNySvPqvxkoyeQt4VdKoGc=
github.com/sean9999/go-stable-map v1.4.2/go.mod h1:ty5HKiIxps3fyGzHgR4gvxB5+N66sCK9BhOhJ6cW7/A=
github.com/sean9999/go-stable-map v1.4.3 h1:wfLsvWMwgKWnvdzfjIo3QB4Pt79oZ8JO1xSZQ8+cieg=
github.com/sean9999/go-stable-map v1.4.3/go.mod h1:ty5HKiIxps3fyGzHgR4gvxB5+N66sCK9BhOhJ6cW7/A=
github.com/sean9999/pear v0.0.5 h1:IHOYxBo1KymPjyN00EIedY2Ifa5XAZNy4eWgcmI6ssc=
github.com/sean9999/pear v0.0.5/go.mod h1:eiFHU9C1yi9faFKkW//79maetAugdn7UUup5Ckb0pes=
github.com/stretchr/objx v0.1.0/go.mod h1:HFkY916IF+rwdDfMAkV7OtwuqBVzrE8GR6GFx+wExME=
github.com/stretchr/testify v1.6.1 h1:hDPOHmpOpP40lSULcqw7IrRb/u7w6RpDC9399XyoNd0=
github.com/stretchr/testify v1.6.1/go.mod h1:6Fq8oRcR53rry900zMqJjRRixrwX3KX962/h/Wwjteg=
github.com/stretchr/testify v1.7.0/go.mod h1:6Fq8oRcR53rry900zMqJjRRixrwX3KX962/h/Wwjteg=
github.com/stretchr/testify v1.11.1 h1:7s2iGBzp5EwR7/aIZr8ao5+dra3wiQyKjjFuvgVKu7U=
github.com/stretchr/testify v1.11.1/go.mod h1:wZwfW3scLgRK+23gO65QZefKpKQRnfz6sD981Nm4B6U=
github.com/vmihailenco/msgpack/v5 v5.4.1 h1:cQriyiUvjTwOHg8QZaPihLWeRAAVoCpE00IUPn0Bjt8=
github.com/vmihailenco/msgpack/v5 v5.4.1/go.mod h1:GaZTsDaehaPpQVyxrf5mtQlH+pc21PIudVV/E3rRQok=
github.com/vmihailenco/tagparser/v2 v2.0.0 h1:y09buUbR+b5aycVFQs/g70pqKVZNBmxwAhO7/IwNM9g=
github.com/vmihailenco/tagparser/v2 v2.0.0/go.mod h1:Wri+At7QHww0WTrCBeu4J6bNtoV6mEfg5OIWRZA9qds=
golang.org/x/crypto v0.42.0 h1:chiH31gIWm57EkTXpwnqf8qeuMUi0yekh6mT2AvFlqI=
golang.org/x/crypto v0.42.0/go.mod h1:4+rDnOTJhQCx2q7/j6rAN5XDw8kPjeaXEUR2eL94ix8=
golang.org/x/sys v0.36.0 h1:KVRy2GtZBrk1cBYA7MKu5bEZFxQk4NIDV6RLVcC8o0k=
golang.org/x/sys v0.36.0/go.mod h1:OgkHotnGiDImocRcuBABYBEXf8A9a87e/uXjp9XT3ks=
gopkg.in/check.v1 v0.0.0-20161208181325-20d25e280405 h1:yhCVgyC4o1eVCa2tZl7eS0r+SDo693bJlVdllGtEeKM=
gopkg.in/check.v1 v0.0.0-20161208181325-20d25e280405/go.mod h1:Co6ibVJAznAaIkqp8huTwlJQCZ016jof/cbN4VW5Yz0=
gopkg.in/yaml.v3 v3.0.0-20200313102051-9f266ea9e77c h1:dUUwHk2QECo/6vqA44rthZ8ie2QXMNeKRTHCNY2nXvo=
gopkg.in/yaml.v3 v3.0.0-20200313102051-9f266ea9e77c/go.mod h1:K4uyk7z7BCEPqu6E+C64Yfv1cQ7kz7rIZviUmN+EgEM=
gopkg.in/yaml.v3 v3.0.1 h1:fxVm/GzAzEWqLHuvctI91KS9hhNmmWOoWu0XTYJS7CA=
gopkg.in/yaml.v3 v3.0.1/go.mod h1:K4uyk7z7BCEPqu6E+C64Yfv1cQ7kz7rIZviUmN+EgEM=
